// !$*UTF8*$!
{
	archiveVersion = 1;
	classes = {
	};
	objectVersion = 46;
	objects = {

/* Begin PBXBuildFile section */
		CB140A321F2BBF6200532BDC /* VideoPostViewController.swift in Sources */ = {isa = PBXBuildFile; fileRef = CB140A311F2BBF6200532BDC /* VideoPostViewController.swift */; };
		CB140A361F2BF95400532BDC /* BMCustomPlayer.swift in Sources */ = {isa = PBXBuildFile; fileRef = CB140A341F2BF95400532BDC /* BMCustomPlayer.swift */; };
		CB140A371F2BF95400532BDC /* BMPlayerCustomControlView.swift in Sources */ = {isa = PBXBuildFile; fileRef = CB140A351F2BF95400532BDC /* BMPlayerCustomControlView.swift */; };
		CB2342191F31F0B40004786F /* ChatViewController.swift in Sources */ = {isa = PBXBuildFile; fileRef = CB2342181F31F0B40004786F /* ChatViewController.swift */; };
		CB23421C1F31FAD10004786F /* SearchViewController.swift in Sources */ = {isa = PBXBuildFile; fileRef = CB23421B1F31FAD10004786F /* SearchViewController.swift */; };
		CB2342201F325F860004786F /* GroupViewController.swift in Sources */ = {isa = PBXBuildFile; fileRef = CB23421F1F325F860004786F /* GroupViewController.swift */; };
		CB2342221F325FAD0004786F /* MyFeedViewController.swift in Sources */ = {isa = PBXBuildFile; fileRef = CB2342211F325FAD0004786F /* MyFeedViewController.swift */; };
		CB2342241F325FFA0004786F /* MyCourseViewController.swift in Sources */ = {isa = PBXBuildFile; fileRef = CB2342231F325FFA0004786F /* MyCourseViewController.swift */; };
		CB2342261F3266040004786F /* CourseCell.xib in Resources */ = {isa = PBXBuildFile; fileRef = CB2342251F3266040004786F /* CourseCell.xib */; };
		CB23744E1F2C71FC00ABDC4D /* PhotoCell.swift in Sources */ = {isa = PBXBuildFile; fileRef = CB23744D1F2C71FC00ABDC4D /* PhotoCell.swift */; };
		CB2374501F2C721300ABDC4D /* BlogCell.swift in Sources */ = {isa = PBXBuildFile; fileRef = CB23744F1F2C721300ABDC4D /* BlogCell.swift */; };
		CB2986BD1F3F920800EC7D5D /* newMessage.wav in Resources */ = {isa = PBXBuildFile; fileRef = CB2986BC1F3F920800EC7D5D /* newMessage.wav */; };
		CB313EB01F35E5CB00BF981D /* AboutViewController.swift in Sources */ = {isa = PBXBuildFile; fileRef = CB313EAF1F35E5CB00BF981D /* AboutViewController.swift */; };
		CB33D5031F2B53AE00E05B87 /* PopupViewController.swift in Sources */ = {isa = PBXBuildFile; fileRef = CB33D5021F2B53AE00E05B87 /* PopupViewController.swift */; };
		CB33D5051F2B53BE00E05B87 /* PopupMenuViewController.swift in Sources */ = {isa = PBXBuildFile; fileRef = CB33D5041F2B53BE00E05B87 /* PopupMenuViewController.swift */; };
		CB33D5091F2B6FBB00E05B87 /* FloatLabelTextField.swift in Sources */ = {isa = PBXBuildFile; fileRef = CB33D5071F2B6FBB00E05B87 /* FloatLabelTextField.swift */; };
		CB33D50A1F2B6FBB00E05B87 /* FloatLabelTextView.swift in Sources */ = {isa = PBXBuildFile; fileRef = CB33D5081F2B6FBB00E05B87 /* FloatLabelTextView.swift */; };
		CB33D50C1F2B709700E05B87 /* BlogPostViewController.swift in Sources */ = {isa = PBXBuildFile; fileRef = CB33D50B1F2B709700E05B87 /* BlogPostViewController.swift */; };
		CB33D50E1F2B7CBD00E05B87 /* PhotoPostViewController.swift in Sources */ = {isa = PBXBuildFile; fileRef = CB33D50D1F2B7CBD00E05B87 /* PhotoPostViewController.swift */; };
		CB3471E81F3A803E003DD9DF /* Comment.swift in Sources */ = {isa = PBXBuildFile; fileRef = CB3471E71F3A803E003DD9DF /* Comment.swift */; };
		CB3511E81F2935B60043DB88 /* Assets.xcassets in Resources */ = {isa = PBXBuildFile; fileRef = CB3511E71F2935B60043DB88 /* Assets.xcassets */; };
		CB3511EB1F2940490043DB88 /* FeedViewController.swift in Sources */ = {isa = PBXBuildFile; fileRef = CB3511EA1F2940490043DB88 /* FeedViewController.swift */; };
		CB3511EE1F2940740043DB88 /* VideoCell.swift in Sources */ = {isa = PBXBuildFile; fileRef = CB3511ED1F2940740043DB88 /* VideoCell.swift */; };
		CB3511F11F29654A0043DB88 /* CourseViewController.swift in Sources */ = {isa = PBXBuildFile; fileRef = CB3511F01F29654A0043DB88 /* CourseViewController.swift */; };
		CB3511F31F2965650043DB88 /* CourseCell.swift in Sources */ = {isa = PBXBuildFile; fileRef = CB3511F21F2965650043DB88 /* CourseCell.swift */; };
		CB3511F61F29716B0043DB88 /* MessageCell.swift in Sources */ = {isa = PBXBuildFile; fileRef = CB3511F51F29716B0043DB88 /* MessageCell.swift */; };
		CB3511F81F2971810043DB88 /* MessageViewController.swift in Sources */ = {isa = PBXBuildFile; fileRef = CB3511F71F2971810043DB88 /* MessageViewController.swift */; };
		CB3789101F351A6700F935D0 /* Macro.swift in Sources */ = {isa = PBXBuildFile; fileRef = CB37890F1F351A6700F935D0 /* Macro.swift */; };
		CB3A5D6D1F238BEE00D61562 /* AHTagsLabel.swift in Sources */ = {isa = PBXBuildFile; fileRef = CB3A5D6B1F238BEE00D61562 /* AHTagsLabel.swift */; };
		CB3A5D6E1F238BEE00D61562 /* AHTagView.swift in Sources */ = {isa = PBXBuildFile; fileRef = CB3A5D6C1F238BEE00D61562 /* AHTagView.swift */; };
		CB3A5D721F23CA8700D61562 /* FacebookAPIManager.swift in Sources */ = {isa = PBXBuildFile; fileRef = CB3A5D701F23CA8700D61562 /* FacebookAPIManager.swift */; };
		CB3A5D731F23CA8700D61562 /* NetworkingManager.swift in Sources */ = {isa = PBXBuildFile; fileRef = CB3A5D711F23CA8700D61562 /* NetworkingManager.swift */; };
		CB3A5D761F23CAAE00D61562 /* User.swift in Sources */ = {isa = PBXBuildFile; fileRef = CB3A5D751F23CAAE00D61562 /* User.swift */; };
		CB3A5D781F23D18000D61562 /* FacebookPost.swift in Sources */ = {isa = PBXBuildFile; fileRef = CB3A5D771F23D18000D61562 /* FacebookPost.swift */; };
		CB3A96941F3C9192007597F9 /* Course.swift in Sources */ = {isa = PBXBuildFile; fileRef = CB3A96931F3C9192007597F9 /* Course.swift */; };
		CB5824581F2683F500C174B9 /* ProfileMainViewController.swift in Sources */ = {isa = PBXBuildFile; fileRef = CB5824571F2683F500C174B9 /* ProfileMainViewController.swift */; };
		CB603F821F260B630092014E /* Signup1stViewController.swift in Sources */ = {isa = PBXBuildFile; fileRef = CB603F811F260B630092014E /* Signup1stViewController.swift */; };
		CB603F841F260B790092014E /* Signup2ndViewController.swift in Sources */ = {isa = PBXBuildFile; fileRef = CB603F831F260B790092014E /* Signup2ndViewController.swift */; };
		CB603F861F260B870092014E /* Signup3rdViewController.swift in Sources */ = {isa = PBXBuildFile; fileRef = CB603F851F260B870092014E /* Signup3rdViewController.swift */; };
		CB603F881F260B930092014E /* Signup4thViewController.swift in Sources */ = {isa = PBXBuildFile; fileRef = CB603F871F260B930092014E /* Signup4thViewController.swift */; };
		CB626B771F3361380042247A /* PeopleSearchViewController.swift in Sources */ = {isa = PBXBuildFile; fileRef = CB626B761F3361380042247A /* PeopleSearchViewController.swift */; };
		CB626B791F3361670042247A /* GroupSearchViewController.swift in Sources */ = {isa = PBXBuildFile; fileRef = CB626B781F3361670042247A /* GroupSearchViewController.swift */; };
		CB626B7B1F3362640042247A /* SearchCell.swift in Sources */ = {isa = PBXBuildFile; fileRef = CB626B7A1F3362640042247A /* SearchCell.swift */; };
		CB65468F1F2D2A9900C2393D /* CommentCell.swift in Sources */ = {isa = PBXBuildFile; fileRef = CB65468E1F2D2A9900C2393D /* CommentCell.swift */; };
		CB6546911F2D2AAF00C2393D /* CommentViewController.swift in Sources */ = {isa = PBXBuildFile; fileRef = CB6546901F2D2AAF00C2393D /* CommentViewController.swift */; };
		CB6546971F2D441500C2393D /* BlogCell.xib in Resources */ = {isa = PBXBuildFile; fileRef = CB6546961F2D441500C2393D /* BlogCell.xib */; };
		CB6546991F2D44F100C2393D /* PhotoCell.xib in Resources */ = {isa = PBXBuildFile; fileRef = CB6546981F2D44F100C2393D /* PhotoCell.xib */; };
		CB65469B1F2D451100C2393D /* VideoCell.xib in Resources */ = {isa = PBXBuildFile; fileRef = CB65469A1F2D451100C2393D /* VideoCell.xib */; };
		CB6E8A6E1F3F27D500A8BA72 /* Helper Files.swift in Sources */ = {isa = PBXBuildFile; fileRef = CB6E8A621F3F27D400A8BA72 /* Helper Files.swift */; };
		CB6E8A6F1F3F27D500A8BA72 /* Conversation.swift in Sources */ = {isa = PBXBuildFile; fileRef = CB6E8A641F3F27D400A8BA72 /* Conversation.swift */; };
		CB6E8A701F3F27D500A8BA72 /* Message.swift in Sources */ = {isa = PBXBuildFile; fileRef = CB6E8A651F3F27D400A8BA72 /* Message.swift */; };
		CB6E8A711F3F27D500A8BA72 /* FUser.swift in Sources */ = {isa = PBXBuildFile; fileRef = CB6E8A661F3F27D400A8BA72 /* FUser.swift */; };
		CB6E8A721F3F27D500A8BA72 /* ChatVC.swift in Sources */ = {isa = PBXBuildFile; fileRef = CB6E8A681F3F27D400A8BA72 /* ChatVC.swift */; };
		CB6E8A731F3F27D500A8BA72 /* ConversationsVC.swift in Sources */ = {isa = PBXBuildFile; fileRef = CB6E8A691F3F27D400A8BA72 /* ConversationsVC.swift */; };
		CB6E8A751F3F27D500A8BA72 /* NavVC.swift in Sources */ = {isa = PBXBuildFile; fileRef = CB6E8A6B1F3F27D400A8BA72 /* NavVC.swift */; };
		CB6E8A761F3F27D500A8BA72 /* VCCells.swift in Sources */ = {isa = PBXBuildFile; fileRef = CB6E8A6C1F3F27D400A8BA72 /* VCCells.swift */; };
		CB6E94FD1F222D5C00E01C60 /* AppDelegate.swift in Sources */ = {isa = PBXBuildFile; fileRef = CB6E94FC1F222D5C00E01C60 /* AppDelegate.swift */; };
		CB6E94FF1F222D5C00E01C60 /* ViewController.swift in Sources */ = {isa = PBXBuildFile; fileRef = CB6E94FE1F222D5C00E01C60 /* ViewController.swift */; };
		CB6E95021F222D5C00E01C60 /* Main.storyboard in Resources */ = {isa = PBXBuildFile; fileRef = CB6E95001F222D5C00E01C60 /* Main.storyboard */; };
		CB6E95071F222D5C00E01C60 /* LaunchScreen.storyboard in Resources */ = {isa = PBXBuildFile; fileRef = CB6E95051F222D5C00E01C60 /* LaunchScreen.storyboard */; };
		CB6E95121F222D5C00E01C60 /* ManhattanTests.swift in Sources */ = {isa = PBXBuildFile; fileRef = CB6E95111F222D5C00E01C60 /* ManhattanTests.swift */; };
		CB6E951D1F222D5C00E01C60 /* ManhattanUITests.swift in Sources */ = {isa = PBXBuildFile; fileRef = CB6E951C1F222D5C00E01C60 /* ManhattanUITests.swift */; };
		CB71CF571F3E34F0005896EE /* Group.swift in Sources */ = {isa = PBXBuildFile; fileRef = CB71CF561F3E34F0005896EE /* Group.swift */; };
		CB7560F11F3652D40030D278 /* EditProfileViewController.swift in Sources */ = {isa = PBXBuildFile; fileRef = CB7560F01F3652D40030D278 /* EditProfileViewController.swift */; };
		CB7AEC3C1F3EEF5C00D40DC3 /* GoogleService-Info.plist in Resources */ = {isa = PBXBuildFile; fileRef = CB7AEC3B1F3EEF5C00D40DC3 /* GoogleService-Info.plist */; };
		CB82D53F1F2F601E00BBE8E7 /* CourseDetailViewController.swift in Sources */ = {isa = PBXBuildFile; fileRef = CB82D53E1F2F601E00BBE8E7 /* CourseDetailViewController.swift */; };
		CB82D5411F2F612100BBE8E7 /* CourseDetailCell.swift in Sources */ = {isa = PBXBuildFile; fileRef = CB82D5401F2F612100BBE8E7 /* CourseDetailCell.swift */; };
		CB9CA4B71F3CE4EB00E0E335 /* Video.swift in Sources */ = {isa = PBXBuildFile; fileRef = CB9CA4B61F3CE4EB00E0E335 /* Video.swift */; };
		CBA611EF1F35974D00DD11E9 /* SearchCell.xib in Resources */ = {isa = PBXBuildFile; fileRef = CBA611EE1F35974D00DD11E9 /* SearchCell.xib */; };
		CBA611F11F359C8A00DD11E9 /* AddGroupViewController.swift in Sources */ = {isa = PBXBuildFile; fileRef = CBA611F01F359C8A00DD11E9 /* AddGroupViewController.swift */; };
		CBB0DC0D1F314FEA00E79E64 /* MessageDetailViewController.swift in Sources */ = {isa = PBXBuildFile; fileRef = CBB0DC0C1F314FEA00E79E64 /* MessageDetailViewController.swift */; };
		CBCC8B851F28D692002267DA /* TabBarViewController.swift in Sources */ = {isa = PBXBuildFile; fileRef = CBCC8B841F28D692002267DA /* TabBarViewController.swift */; };
		CBDD4D291F387E8700BD1C95 /* Post.swift in Sources */ = {isa = PBXBuildFile; fileRef = CBDD4D281F387E8700BD1C95 /* Post.swift */; };
		D83FC281202D56E9B1198DD3 /* Pods_Manhattan.framework in Frameworks */ = {isa = PBXBuildFile; fileRef = 4DDA95FBA69D301B3EF89A01 /* Pods_Manhattan.framework */; };
/* End PBXBuildFile section */

/* Begin PBXContainerItemProxy section */
		CB6E950E1F222D5C00E01C60 /* PBXContainerItemProxy */ = {
			isa = PBXContainerItemProxy;
			containerPortal = CB6E94F11F222D5C00E01C60 /* Project object */;
			proxyType = 1;
			remoteGlobalIDString = CB6E94F81F222D5C00E01C60;
			remoteInfo = Manhattan;
		};
		CB6E95191F222D5C00E01C60 /* PBXContainerItemProxy */ = {
			isa = PBXContainerItemProxy;
			containerPortal = CB6E94F11F222D5C00E01C60 /* Project object */;
			proxyType = 1;
			remoteGlobalIDString = CB6E94F81F222D5C00E01C60;
			remoteInfo = Manhattan;
		};
/* End PBXContainerItemProxy section */

/* Begin PBXFileReference section */
		3CB85D4FE59F2606C6341702 /* Pods-Manhattan.debug.xcconfig */ = {isa = PBXFileReference; includeInIndex = 1; lastKnownFileType = text.xcconfig; name = "Pods-Manhattan.debug.xcconfig"; path = "Pods/Target Support Files/Pods-Manhattan/Pods-Manhattan.debug.xcconfig"; sourceTree = "<group>"; };
		4DDA95FBA69D301B3EF89A01 /* Pods_Manhattan.framework */ = {isa = PBXFileReference; explicitFileType = wrapper.framework; includeInIndex = 0; path = Pods_Manhattan.framework; sourceTree = BUILT_PRODUCTS_DIR; };
		C30B163244EB0EA6454AD111 /* Pods-Manhattan.release.xcconfig */ = {isa = PBXFileReference; includeInIndex = 1; lastKnownFileType = text.xcconfig; name = "Pods-Manhattan.release.xcconfig"; path = "Pods/Target Support Files/Pods-Manhattan/Pods-Manhattan.release.xcconfig"; sourceTree = "<group>"; };
		CB140A311F2BBF6200532BDC /* VideoPostViewController.swift */ = {isa = PBXFileReference; fileEncoding = 4; lastKnownFileType = sourcecode.swift; path = VideoPostViewController.swift; sourceTree = "<group>"; };
		CB140A341F2BF95400532BDC /* BMCustomPlayer.swift */ = {isa = PBXFileReference; fileEncoding = 4; lastKnownFileType = sourcecode.swift; path = BMCustomPlayer.swift; sourceTree = "<group>"; };
		CB140A351F2BF95400532BDC /* BMPlayerCustomControlView.swift */ = {isa = PBXFileReference; fileEncoding = 4; lastKnownFileType = sourcecode.swift; path = BMPlayerCustomControlView.swift; sourceTree = "<group>"; };
		CB2342181F31F0B40004786F /* ChatViewController.swift */ = {isa = PBXFileReference; fileEncoding = 4; lastKnownFileType = sourcecode.swift; path = ChatViewController.swift; sourceTree = "<group>"; };
		CB23421B1F31FAD10004786F /* SearchViewController.swift */ = {isa = PBXFileReference; fileEncoding = 4; lastKnownFileType = sourcecode.swift; path = SearchViewController.swift; sourceTree = "<group>"; };
		CB23421F1F325F860004786F /* GroupViewController.swift */ = {isa = PBXFileReference; fileEncoding = 4; lastKnownFileType = sourcecode.swift; path = GroupViewController.swift; sourceTree = "<group>"; };
		CB2342211F325FAD0004786F /* MyFeedViewController.swift */ = {isa = PBXFileReference; fileEncoding = 4; lastKnownFileType = sourcecode.swift; path = MyFeedViewController.swift; sourceTree = "<group>"; };
		CB2342231F325FFA0004786F /* MyCourseViewController.swift */ = {isa = PBXFileReference; fileEncoding = 4; lastKnownFileType = sourcecode.swift; path = MyCourseViewController.swift; sourceTree = "<group>"; };
		CB2342251F3266040004786F /* CourseCell.xib */ = {isa = PBXFileReference; fileEncoding = 4; lastKnownFileType = file.xib; path = CourseCell.xib; sourceTree = "<group>"; };
		CB23744D1F2C71FC00ABDC4D /* PhotoCell.swift */ = {isa = PBXFileReference; fileEncoding = 4; lastKnownFileType = sourcecode.swift; path = PhotoCell.swift; sourceTree = "<group>"; };
		CB23744F1F2C721300ABDC4D /* BlogCell.swift */ = {isa = PBXFileReference; fileEncoding = 4; lastKnownFileType = sourcecode.swift; path = BlogCell.swift; sourceTree = "<group>"; };
		CB2986BC1F3F920800EC7D5D /* newMessage.wav */ = {isa = PBXFileReference; lastKnownFileType = audio.wav; path = newMessage.wav; sourceTree = "<group>"; };
		CB313EAF1F35E5CB00BF981D /* AboutViewController.swift */ = {isa = PBXFileReference; fileEncoding = 4; lastKnownFileType = sourcecode.swift; path = AboutViewController.swift; sourceTree = "<group>"; };
		CB33D5021F2B53AE00E05B87 /* PopupViewController.swift */ = {isa = PBXFileReference; fileEncoding = 4; lastKnownFileType = sourcecode.swift; path = PopupViewController.swift; sourceTree = "<group>"; };
		CB33D5041F2B53BE00E05B87 /* PopupMenuViewController.swift */ = {isa = PBXFileReference; fileEncoding = 4; lastKnownFileType = sourcecode.swift; path = PopupMenuViewController.swift; sourceTree = "<group>"; };
		CB33D5071F2B6FBB00E05B87 /* FloatLabelTextField.swift */ = {isa = PBXFileReference; fileEncoding = 4; lastKnownFileType = sourcecode.swift; path = FloatLabelTextField.swift; sourceTree = "<group>"; };
		CB33D5081F2B6FBB00E05B87 /* FloatLabelTextView.swift */ = {isa = PBXFileReference; fileEncoding = 4; lastKnownFileType = sourcecode.swift; path = FloatLabelTextView.swift; sourceTree = "<group>"; };
		CB33D50B1F2B709700E05B87 /* BlogPostViewController.swift */ = {isa = PBXFileReference; fileEncoding = 4; lastKnownFileType = sourcecode.swift; path = BlogPostViewController.swift; sourceTree = "<group>"; };
		CB33D50D1F2B7CBD00E05B87 /* PhotoPostViewController.swift */ = {isa = PBXFileReference; fileEncoding = 4; lastKnownFileType = sourcecode.swift; path = PhotoPostViewController.swift; sourceTree = "<group>"; };
		CB3471E71F3A803E003DD9DF /* Comment.swift */ = {isa = PBXFileReference; fileEncoding = 4; lastKnownFileType = sourcecode.swift; path = Comment.swift; sourceTree = "<group>"; };
		CB3511E71F2935B60043DB88 /* Assets.xcassets */ = {isa = PBXFileReference; lastKnownFileType = folder.assetcatalog; path = Assets.xcassets; sourceTree = "<group>"; };
		CB3511EA1F2940490043DB88 /* FeedViewController.swift */ = {isa = PBXFileReference; fileEncoding = 4; lastKnownFileType = sourcecode.swift; path = FeedViewController.swift; sourceTree = "<group>"; };
		CB3511ED1F2940740043DB88 /* VideoCell.swift */ = {isa = PBXFileReference; fileEncoding = 4; lastKnownFileType = sourcecode.swift; path = VideoCell.swift; sourceTree = "<group>"; };
		CB3511F01F29654A0043DB88 /* CourseViewController.swift */ = {isa = PBXFileReference; fileEncoding = 4; lastKnownFileType = sourcecode.swift; path = CourseViewController.swift; sourceTree = "<group>"; };
		CB3511F21F2965650043DB88 /* CourseCell.swift */ = {isa = PBXFileReference; fileEncoding = 4; lastKnownFileType = sourcecode.swift; path = CourseCell.swift; sourceTree = "<group>"; };
		CB3511F51F29716B0043DB88 /* MessageCell.swift */ = {isa = PBXFileReference; fileEncoding = 4; lastKnownFileType = sourcecode.swift; path = MessageCell.swift; sourceTree = "<group>"; };
		CB3511F71F2971810043DB88 /* MessageViewController.swift */ = {isa = PBXFileReference; fileEncoding = 4; lastKnownFileType = sourcecode.swift; path = MessageViewController.swift; sourceTree = "<group>"; };
		CB37890F1F351A6700F935D0 /* Macro.swift */ = {isa = PBXFileReference; fileEncoding = 4; lastKnownFileType = sourcecode.swift; path = Macro.swift; sourceTree = "<group>"; };
		CB3A5D6B1F238BEE00D61562 /* AHTagsLabel.swift */ = {isa = PBXFileReference; fileEncoding = 4; lastKnownFileType = sourcecode.swift; path = AHTagsLabel.swift; sourceTree = "<group>"; };
		CB3A5D6C1F238BEE00D61562 /* AHTagView.swift */ = {isa = PBXFileReference; fileEncoding = 4; lastKnownFileType = sourcecode.swift; path = AHTagView.swift; sourceTree = "<group>"; };
		CB3A5D701F23CA8700D61562 /* FacebookAPIManager.swift */ = {isa = PBXFileReference; fileEncoding = 4; lastKnownFileType = sourcecode.swift; path = FacebookAPIManager.swift; sourceTree = "<group>"; };
		CB3A5D711F23CA8700D61562 /* NetworkingManager.swift */ = {isa = PBXFileReference; fileEncoding = 4; lastKnownFileType = sourcecode.swift; path = NetworkingManager.swift; sourceTree = "<group>"; };
		CB3A5D751F23CAAE00D61562 /* User.swift */ = {isa = PBXFileReference; fileEncoding = 4; lastKnownFileType = sourcecode.swift; path = User.swift; sourceTree = "<group>"; };
		CB3A5D771F23D18000D61562 /* FacebookPost.swift */ = {isa = PBXFileReference; fileEncoding = 4; lastKnownFileType = sourcecode.swift; path = FacebookPost.swift; sourceTree = "<group>"; };
		CB3A5D791F23E3C900D61562 /* Manhattan.entitlements */ = {isa = PBXFileReference; lastKnownFileType = text.plist.entitlements; path = Manhattan.entitlements; sourceTree = "<group>"; };
		CB3A96931F3C9192007597F9 /* Course.swift */ = {isa = PBXFileReference; fileEncoding = 4; lastKnownFileType = sourcecode.swift; path = Course.swift; sourceTree = "<group>"; };
		CB5824571F2683F500C174B9 /* ProfileMainViewController.swift */ = {isa = PBXFileReference; fileEncoding = 4; lastKnownFileType = sourcecode.swift; path = ProfileMainViewController.swift; sourceTree = "<group>"; };
		CB603F811F260B630092014E /* Signup1stViewController.swift */ = {isa = PBXFileReference; fileEncoding = 4; lastKnownFileType = sourcecode.swift; path = Signup1stViewController.swift; sourceTree = "<group>"; };
		CB603F831F260B790092014E /* Signup2ndViewController.swift */ = {isa = PBXFileReference; fileEncoding = 4; lastKnownFileType = sourcecode.swift; path = Signup2ndViewController.swift; sourceTree = "<group>"; };
		CB603F851F260B870092014E /* Signup3rdViewController.swift */ = {isa = PBXFileReference; fileEncoding = 4; lastKnownFileType = sourcecode.swift; path = Signup3rdViewController.swift; sourceTree = "<group>"; };
		CB603F871F260B930092014E /* Signup4thViewController.swift */ = {isa = PBXFileReference; fileEncoding = 4; lastKnownFileType = sourcecode.swift; path = Signup4thViewController.swift; sourceTree = "<group>"; };
		CB626B761F3361380042247A /* PeopleSearchViewController.swift */ = {isa = PBXFileReference; fileEncoding = 4; lastKnownFileType = sourcecode.swift; path = PeopleSearchViewController.swift; sourceTree = "<group>"; };
		CB626B781F3361670042247A /* GroupSearchViewController.swift */ = {isa = PBXFileReference; fileEncoding = 4; lastKnownFileType = sourcecode.swift; path = GroupSearchViewController.swift; sourceTree = "<group>"; };
		CB626B7A1F3362640042247A /* SearchCell.swift */ = {isa = PBXFileReference; fileEncoding = 4; lastKnownFileType = sourcecode.swift; path = SearchCell.swift; sourceTree = "<group>"; };
		CB65468E1F2D2A9900C2393D /* CommentCell.swift */ = {isa = PBXFileReference; fileEncoding = 4; lastKnownFileType = sourcecode.swift; path = CommentCell.swift; sourceTree = "<group>"; };
		CB6546901F2D2AAF00C2393D /* CommentViewController.swift */ = {isa = PBXFileReference; fileEncoding = 4; lastKnownFileType = sourcecode.swift; path = CommentViewController.swift; sourceTree = "<group>"; };
		CB6546961F2D441500C2393D /* BlogCell.xib */ = {isa = PBXFileReference; fileEncoding = 4; lastKnownFileType = file.xib; path = BlogCell.xib; sourceTree = "<group>"; };
		CB6546981F2D44F100C2393D /* PhotoCell.xib */ = {isa = PBXFileReference; fileEncoding = 4; lastKnownFileType = file.xib; path = PhotoCell.xib; sourceTree = "<group>"; };
		CB65469A1F2D451100C2393D /* VideoCell.xib */ = {isa = PBXFileReference; fileEncoding = 4; lastKnownFileType = file.xib; path = VideoCell.xib; sourceTree = "<group>"; };
		CB6E8A621F3F27D400A8BA72 /* Helper Files.swift */ = {isa = PBXFileReference; fileEncoding = 4; lastKnownFileType = sourcecode.swift; path = "Helper Files.swift"; sourceTree = "<group>"; };
		CB6E8A641F3F27D400A8BA72 /* Conversation.swift */ = {isa = PBXFileReference; fileEncoding = 4; lastKnownFileType = sourcecode.swift; path = Conversation.swift; sourceTree = "<group>"; };
		CB6E8A651F3F27D400A8BA72 /* Message.swift */ = {isa = PBXFileReference; fileEncoding = 4; lastKnownFileType = sourcecode.swift; path = Message.swift; sourceTree = "<group>"; };
		CB6E8A661F3F27D400A8BA72 /* FUser.swift */ = {isa = PBXFileReference; fileEncoding = 4; lastKnownFileType = sourcecode.swift; path = FUser.swift; sourceTree = "<group>"; };
		CB6E8A681F3F27D400A8BA72 /* ChatVC.swift */ = {isa = PBXFileReference; fileEncoding = 4; lastKnownFileType = sourcecode.swift; path = ChatVC.swift; sourceTree = "<group>"; };
		CB6E8A691F3F27D400A8BA72 /* ConversationsVC.swift */ = {isa = PBXFileReference; fileEncoding = 4; lastKnownFileType = sourcecode.swift; path = ConversationsVC.swift; sourceTree = "<group>"; };
		CB6E8A6B1F3F27D400A8BA72 /* NavVC.swift */ = {isa = PBXFileReference; fileEncoding = 4; lastKnownFileType = sourcecode.swift; path = NavVC.swift; sourceTree = "<group>"; };
		CB6E8A6C1F3F27D400A8BA72 /* VCCells.swift */ = {isa = PBXFileReference; fileEncoding = 4; lastKnownFileType = sourcecode.swift; path = VCCells.swift; sourceTree = "<group>"; };
		CB6E94F91F222D5C00E01C60 /* Manhattan.app */ = {isa = PBXFileReference; explicitFileType = wrapper.application; includeInIndex = 0; path = Manhattan.app; sourceTree = BUILT_PRODUCTS_DIR; };
		CB6E94FC1F222D5C00E01C60 /* AppDelegate.swift */ = {isa = PBXFileReference; lastKnownFileType = sourcecode.swift; path = AppDelegate.swift; sourceTree = "<group>"; };
		CB6E94FE1F222D5C00E01C60 /* ViewController.swift */ = {isa = PBXFileReference; lastKnownFileType = sourcecode.swift; path = ViewController.swift; sourceTree = "<group>"; };
		CB6E95011F222D5C00E01C60 /* Base */ = {isa = PBXFileReference; lastKnownFileType = file.storyboard; name = Base; path = Base.lproj/Main.storyboard; sourceTree = "<group>"; };
		CB6E95061F222D5C00E01C60 /* Base */ = {isa = PBXFileReference; lastKnownFileType = file.storyboard; name = Base; path = Base.lproj/LaunchScreen.storyboard; sourceTree = "<group>"; };
		CB6E95081F222D5C00E01C60 /* Info.plist */ = {isa = PBXFileReference; lastKnownFileType = text.plist.xml; path = Info.plist; sourceTree = "<group>"; };
		CB6E950D1F222D5C00E01C60 /* ManhattanTests.xctest */ = {isa = PBXFileReference; explicitFileType = wrapper.cfbundle; includeInIndex = 0; path = ManhattanTests.xctest; sourceTree = BUILT_PRODUCTS_DIR; };
		CB6E95111F222D5C00E01C60 /* ManhattanTests.swift */ = {isa = PBXFileReference; lastKnownFileType = sourcecode.swift; path = ManhattanTests.swift; sourceTree = "<group>"; };
		CB6E95131F222D5C00E01C60 /* Info.plist */ = {isa = PBXFileReference; lastKnownFileType = text.plist.xml; path = Info.plist; sourceTree = "<group>"; };
		CB6E95181F222D5C00E01C60 /* ManhattanUITests.xctest */ = {isa = PBXFileReference; explicitFileType = wrapper.cfbundle; includeInIndex = 0; path = ManhattanUITests.xctest; sourceTree = BUILT_PRODUCTS_DIR; };
		CB6E951C1F222D5C00E01C60 /* ManhattanUITests.swift */ = {isa = PBXFileReference; lastKnownFileType = sourcecode.swift; path = ManhattanUITests.swift; sourceTree = "<group>"; };
		CB6E951E1F222D5C00E01C60 /* Info.plist */ = {isa = PBXFileReference; lastKnownFileType = text.plist.xml; path = Info.plist; sourceTree = "<group>"; };
		CB71CF561F3E34F0005896EE /* Group.swift */ = {isa = PBXFileReference; fileEncoding = 4; lastKnownFileType = sourcecode.swift; path = Group.swift; sourceTree = "<group>"; };
		CB7560F01F3652D40030D278 /* EditProfileViewController.swift */ = {isa = PBXFileReference; fileEncoding = 4; lastKnownFileType = sourcecode.swift; path = EditProfileViewController.swift; sourceTree = "<group>"; };
		CB7AEC3B1F3EEF5C00D40DC3 /* GoogleService-Info.plist */ = {isa = PBXFileReference; fileEncoding = 4; lastKnownFileType = text.plist.xml; path = "GoogleService-Info.plist"; sourceTree = "<group>"; };
		CB82D53E1F2F601E00BBE8E7 /* CourseDetailViewController.swift */ = {isa = PBXFileReference; fileEncoding = 4; lastKnownFileType = sourcecode.swift; path = CourseDetailViewController.swift; sourceTree = "<group>"; };
		CB82D5401F2F612100BBE8E7 /* CourseDetailCell.swift */ = {isa = PBXFileReference; fileEncoding = 4; lastKnownFileType = sourcecode.swift; path = CourseDetailCell.swift; sourceTree = "<group>"; };
		CB9CA4B61F3CE4EB00E0E335 /* Video.swift */ = {isa = PBXFileReference; fileEncoding = 4; lastKnownFileType = sourcecode.swift; path = Video.swift; sourceTree = "<group>"; };
		CBA611EE1F35974D00DD11E9 /* SearchCell.xib */ = {isa = PBXFileReference; fileEncoding = 4; lastKnownFileType = file.xib; path = SearchCell.xib; sourceTree = "<group>"; };
		CBA611F01F359C8A00DD11E9 /* AddGroupViewController.swift */ = {isa = PBXFileReference; fileEncoding = 4; lastKnownFileType = sourcecode.swift; path = AddGroupViewController.swift; sourceTree = "<group>"; };
		CBB0DC0C1F314FEA00E79E64 /* MessageDetailViewController.swift */ = {isa = PBXFileReference; fileEncoding = 4; lastKnownFileType = sourcecode.swift; path = MessageDetailViewController.swift; sourceTree = "<group>"; };
		CBCC8B841F28D692002267DA /* TabBarViewController.swift */ = {isa = PBXFileReference; fileEncoding = 4; lastKnownFileType = sourcecode.swift; path = TabBarViewController.swift; sourceTree = "<group>"; };
		CBDD4D281F387E8700BD1C95 /* Post.swift */ = {isa = PBXFileReference; fileEncoding = 4; lastKnownFileType = sourcecode.swift; path = Post.swift; sourceTree = "<group>"; };
/* End PBXFileReference section */

/* Begin PBXFrameworksBuildPhase section */
		CB6E94F61F222D5C00E01C60 /* Frameworks */ = {
			isa = PBXFrameworksBuildPhase;
			buildActionMask = 2147483647;
			files = (
				D83FC281202D56E9B1198DD3 /* Pods_Manhattan.framework in Frameworks */,
			);
			runOnlyForDeploymentPostprocessing = 0;
		};
		CB6E950A1F222D5C00E01C60 /* Frameworks */ = {
			isa = PBXFrameworksBuildPhase;
			buildActionMask = 2147483647;
			files = (
			);
			runOnlyForDeploymentPostprocessing = 0;
		};
		CB6E95151F222D5C00E01C60 /* Frameworks */ = {
			isa = PBXFrameworksBuildPhase;
			buildActionMask = 2147483647;
			files = (
			);
			runOnlyForDeploymentPostprocessing = 0;
		};
/* End PBXFrameworksBuildPhase section */

/* Begin PBXGroup section */
		8E1A1D46B6BA71AF4E19D4D9 /* Frameworks */ = {
			isa = PBXGroup;
			children = (
				4DDA95FBA69D301B3EF89A01 /* Pods_Manhattan.framework */,
			);
			name = Frameworks;
			sourceTree = "<group>";
		};
		CB140A331F2BF94800532BDC /* CustomBMPlayer */ = {
			isa = PBXGroup;
			children = (
				CB140A341F2BF95400532BDC /* BMCustomPlayer.swift */,
				CB140A351F2BF95400532BDC /* BMPlayerCustomControlView.swift */,
			);
			name = CustomBMPlayer;
			sourceTree = "<group>";
		};
		CB23421A1F31FA4F0004786F /* Search */ = {
			isa = PBXGroup;
			children = (
				CB23421B1F31FAD10004786F /* SearchViewController.swift */,
				CB626B761F3361380042247A /* PeopleSearchViewController.swift */,
				CB626B781F3361670042247A /* GroupSearchViewController.swift */,
			);
			name = Search;
			sourceTree = "<group>";
		};
		CB33D5061F2B6FBB00E05B87 /* FloatLabelFields */ = {
			isa = PBXGroup;
			children = (
				CB33D5071F2B6FBB00E05B87 /* FloatLabelTextField.swift */,
				CB33D5081F2B6FBB00E05B87 /* FloatLabelTextView.swift */,
			);
			path = FloatLabelFields;
			sourceTree = "<group>";
		};
		CB3511E91F2940160043DB88 /* Feed */ = {
			isa = PBXGroup;
			children = (
				CB3511EA1F2940490043DB88 /* FeedViewController.swift */,
				CB33D5021F2B53AE00E05B87 /* PopupViewController.swift */,
				CB33D5041F2B53BE00E05B87 /* PopupMenuViewController.swift */,
				CB33D50B1F2B709700E05B87 /* BlogPostViewController.swift */,
				CB33D50D1F2B7CBD00E05B87 /* PhotoPostViewController.swift */,
				CB140A311F2BBF6200532BDC /* VideoPostViewController.swift */,
				CB6546901F2D2AAF00C2393D /* CommentViewController.swift */,
			);
			name = Feed;
			sourceTree = "<group>";
		};
		CB3511EC1F2940500043DB88 /* CustomCell */ = {
			isa = PBXGroup;
			children = (
				CB3511ED1F2940740043DB88 /* VideoCell.swift */,
				CB65469A1F2D451100C2393D /* VideoCell.xib */,
				CB23744D1F2C71FC00ABDC4D /* PhotoCell.swift */,
				CB6546981F2D44F100C2393D /* PhotoCell.xib */,
				CB23744F1F2C721300ABDC4D /* BlogCell.swift */,
				CB6546961F2D441500C2393D /* BlogCell.xib */,
				CB3511F21F2965650043DB88 /* CourseCell.swift */,
				CB2342251F3266040004786F /* CourseCell.xib */,
				CB3511F51F29716B0043DB88 /* MessageCell.swift */,
				CB65468E1F2D2A9900C2393D /* CommentCell.swift */,
				CB82D5401F2F612100BBE8E7 /* CourseDetailCell.swift */,
				CB626B7A1F3362640042247A /* SearchCell.swift */,
				CBA611EE1F35974D00DD11E9 /* SearchCell.xib */,
			);
			name = CustomCell;
			sourceTree = "<group>";
		};
		CB3511EF1F2965320043DB88 /* Course */ = {
			isa = PBXGroup;
			children = (
				CB3511F01F29654A0043DB88 /* CourseViewController.swift */,
				CB82D53E1F2F601E00BBE8E7 /* CourseDetailViewController.swift */,
			);
			name = Course;
			sourceTree = "<group>";
		};
		CB3511F41F29703F0043DB88 /* Message */ = {
			isa = PBXGroup;
			children = (
				CB6E8A611F3F27D400A8BA72 /* Helper files */,
				CB6E8A631F3F27D400A8BA72 /* Model */,
				CB6E8A671F3F27D400A8BA72 /* ViewControllers */,
				CB3511F71F2971810043DB88 /* MessageViewController.swift */,
				CBB0DC0C1F314FEA00E79E64 /* MessageDetailViewController.swift */,
				CB2342181F31F0B40004786F /* ChatViewController.swift */,
			);
			name = Message;
			sourceTree = "<group>";
		};
		CB3A5D6A1F238BD000D61562 /* AHTag */ = {
			isa = PBXGroup;
			children = (
				CB3A5D6B1F238BEE00D61562 /* AHTagsLabel.swift */,
				CB3A5D6C1F238BEE00D61562 /* AHTagView.swift */,
			);
			name = AHTag;
			sourceTree = "<group>";
		};
		CB3A5D6F1F23CA7500D61562 /* Social Networking Manager */ = {
			isa = PBXGroup;
			children = (
				CB3A5D701F23CA8700D61562 /* FacebookAPIManager.swift */,
				CB3A5D711F23CA8700D61562 /* NetworkingManager.swift */,
			);
			name = "Social Networking Manager";
			sourceTree = "<group>";
		};
		CB3A5D741F23CAA700D61562 /* Model */ = {
			isa = PBXGroup;
			children = (
				CB3A5D771F23D18000D61562 /* FacebookPost.swift */,
				CB3A5D751F23CAAE00D61562 /* User.swift */,
				CBDD4D281F387E8700BD1C95 /* Post.swift */,
				CB37890F1F351A6700F935D0 /* Macro.swift */,
				CB3471E71F3A803E003DD9DF /* Comment.swift */,
				CB3A96931F3C9192007597F9 /* Course.swift */,
				CB9CA4B61F3CE4EB00E0E335 /* Video.swift */,
				CB71CF561F3E34F0005896EE /* Group.swift */,
			);
			name = Model;
			sourceTree = "<group>";
		};
		CB5824561F2683D300C174B9 /* Profile */ = {
			isa = PBXGroup;
			children = (
				CB5824571F2683F500C174B9 /* ProfileMainViewController.swift */,
				CB23421F1F325F860004786F /* GroupViewController.swift */,
				CB2342211F325FAD0004786F /* MyFeedViewController.swift */,
				CB2342231F325FFA0004786F /* MyCourseViewController.swift */,
				CBA611F01F359C8A00DD11E9 /* AddGroupViewController.swift */,
				CB313EAF1F35E5CB00BF981D /* AboutViewController.swift */,
				CB7560F01F3652D40030D278 /* EditProfileViewController.swift */,
			);
			name = Profile;
			sourceTree = "<group>";
		};
		CB603F801F2608B20092014E /* Register */ = {
			isa = PBXGroup;
			children = (
				CB6E94FE1F222D5C00E01C60 /* ViewController.swift */,
				CB603F811F260B630092014E /* Signup1stViewController.swift */,
				CB603F831F260B790092014E /* Signup2ndViewController.swift */,
				CB603F851F260B870092014E /* Signup3rdViewController.swift */,
				CB603F871F260B930092014E /* Signup4thViewController.swift */,
			);
			name = Register;
			sourceTree = "<group>";
		};
		CB6E8A611F3F27D400A8BA72 /* Helper files */ = {
			isa = PBXGroup;
			children = (
				CB6E8A621F3F27D400A8BA72 /* Helper Files.swift */,
			);
			path = "Helper files";
			sourceTree = "<group>";
		};
		CB6E8A631F3F27D400A8BA72 /* Model */ = {
			isa = PBXGroup;
			children = (
				CB6E8A641F3F27D400A8BA72 /* Conversation.swift */,
				CB6E8A651F3F27D400A8BA72 /* Message.swift */,
				CB6E8A661F3F27D400A8BA72 /* FUser.swift */,
			);
			path = Model;
			sourceTree = "<group>";
		};
		CB6E8A671F3F27D400A8BA72 /* ViewControllers */ = {
			isa = PBXGroup;
			children = (
				CB6E8A681F3F27D400A8BA72 /* ChatVC.swift */,
				CB6E8A691F3F27D400A8BA72 /* ConversationsVC.swift */,
				CB6E8A6B1F3F27D400A8BA72 /* NavVC.swift */,
				CB6E8A6C1F3F27D400A8BA72 /* VCCells.swift */,
			);
			path = ViewControllers;
			sourceTree = "<group>";
		};
		CB6E94F01F222D5C00E01C60 = {
			isa = PBXGroup;
			children = (
				CB6E94FB1F222D5C00E01C60 /* Manhattan */,
				CB6E95101F222D5C00E01C60 /* ManhattanTests */,
				CB6E951B1F222D5C00E01C60 /* ManhattanUITests */,
				CB6E94FA1F222D5C00E01C60 /* Products */,
				FCBA0234DC5FDD0642FB9411 /* Pods */,
				8E1A1D46B6BA71AF4E19D4D9 /* Frameworks */,
			);
			sourceTree = "<group>";
		};
		CB6E94FA1F222D5C00E01C60 /* Products */ = {
			isa = PBXGroup;
			children = (
				CB6E94F91F222D5C00E01C60 /* Manhattan.app */,
				CB6E950D1F222D5C00E01C60 /* ManhattanTests.xctest */,
				CB6E95181F222D5C00E01C60 /* ManhattanUITests.xctest */,
			);
			name = Products;
			sourceTree = "<group>";
		};
		CB6E94FB1F222D5C00E01C60 /* Manhattan */ = {
			isa = PBXGroup;
			children = (
				CB3A5D791F23E3C900D61562 /* Manhattan.entitlements */,
				CB6E94FC1F222D5C00E01C60 /* AppDelegate.swift */,
				CB6E95001F222D5C00E01C60 /* Main.storyboard */,
				CB3511E71F2935B60043DB88 /* Assets.xcassets */,
				CB6E95051F222D5C00E01C60 /* LaunchScreen.storyboard */,
				CB2986BC1F3F920800EC7D5D /* newMessage.wav */,
				CB6E95081F222D5C00E01C60 /* Info.plist */,
				CB7AEC3B1F3EEF5C00D40DC3 /* GoogleService-Info.plist */,
				CB3A5D741F23CAA700D61562 /* Model */,
				CB6E952F1F22443200E01C60 /* 3rd Party */,
				CB3511EC1F2940500043DB88 /* CustomCell */,
				CB6E95301F2247A000E01C60 /* ViewControllers */,
			);
			path = Manhattan;
			sourceTree = "<group>";
		};
		CB6E95101F222D5C00E01C60 /* ManhattanTests */ = {
			isa = PBXGroup;
			children = (
				CB6E95111F222D5C00E01C60 /* ManhattanTests.swift */,
				CB6E95131F222D5C00E01C60 /* Info.plist */,
			);
			path = ManhattanTests;
			sourceTree = "<group>";
		};
		CB6E951B1F222D5C00E01C60 /* ManhattanUITests */ = {
			isa = PBXGroup;
			children = (
				CB6E951C1F222D5C00E01C60 /* ManhattanUITests.swift */,
				CB6E951E1F222D5C00E01C60 /* Info.plist */,
			);
			path = ManhattanUITests;
			sourceTree = "<group>";
		};
		CB6E952F1F22443200E01C60 /* 3rd Party */ = {
			isa = PBXGroup;
			children = (
				CB140A331F2BF94800532BDC /* CustomBMPlayer */,
				CB33D5061F2B6FBB00E05B87 /* FloatLabelFields */,
				CB3A5D6F1F23CA7500D61562 /* Social Networking Manager */,
				CB3A5D6A1F238BD000D61562 /* AHTag */,
			);
			name = "3rd Party";
			sourceTree = "<group>";
		};
		CB6E95301F2247A000E01C60 /* ViewControllers */ = {
			isa = PBXGroup;
			children = (
				CB23421A1F31FA4F0004786F /* Search */,
				CB3511F41F29703F0043DB88 /* Message */,
				CB3511EF1F2965320043DB88 /* Course */,
				CB3511E91F2940160043DB88 /* Feed */,
				CB5824561F2683D300C174B9 /* Profile */,
				CB603F801F2608B20092014E /* Register */,
				CBCC8B841F28D692002267DA /* TabBarViewController.swift */,
			);
			name = ViewControllers;
			sourceTree = "<group>";
		};
		FCBA0234DC5FDD0642FB9411 /* Pods */ = {
			isa = PBXGroup;
			children = (
				3CB85D4FE59F2606C6341702 /* Pods-Manhattan.debug.xcconfig */,
				C30B163244EB0EA6454AD111 /* Pods-Manhattan.release.xcconfig */,
			);
			name = Pods;
			sourceTree = "<group>";
		};
/* End PBXGroup section */

/* Begin PBXNativeTarget section */
		CB6E94F81F222D5C00E01C60 /* Manhattan */ = {
			isa = PBXNativeTarget;
			buildConfigurationList = CB6E95211F222D5C00E01C60 /* Build configuration list for PBXNativeTarget "Manhattan" */;
			buildPhases = (
				6DA5B6DFFE25CA6733D84DE0 /* [CP] Check Pods Manifest.lock */,
				CB6E94F51F222D5C00E01C60 /* Sources */,
				CB6E94F61F222D5C00E01C60 /* Frameworks */,
				CB6E94F71F222D5C00E01C60 /* Resources */,
				6280CB7FCF55F1AC34DAEC69 /* [CP] Embed Pods Frameworks */,
				0AA0F4A40235B261E97E366F /* [CP] Copy Pods Resources */,
			);
			buildRules = (
			);
			dependencies = (
			);
			name = Manhattan;
			productName = Manhattan;
			productReference = CB6E94F91F222D5C00E01C60 /* Manhattan.app */;
			productType = "com.apple.product-type.application";
		};
		CB6E950C1F222D5C00E01C60 /* ManhattanTests */ = {
			isa = PBXNativeTarget;
			buildConfigurationList = CB6E95241F222D5C00E01C60 /* Build configuration list for PBXNativeTarget "ManhattanTests" */;
			buildPhases = (
				CB6E95091F222D5C00E01C60 /* Sources */,
				CB6E950A1F222D5C00E01C60 /* Frameworks */,
				CB6E950B1F222D5C00E01C60 /* Resources */,
			);
			buildRules = (
			);
			dependencies = (
				CB6E950F1F222D5C00E01C60 /* PBXTargetDependency */,
			);
			name = ManhattanTests;
			productName = ManhattanTests;
			productReference = CB6E950D1F222D5C00E01C60 /* ManhattanTests.xctest */;
			productType = "com.apple.product-type.bundle.unit-test";
		};
		CB6E95171F222D5C00E01C60 /* ManhattanUITests */ = {
			isa = PBXNativeTarget;
			buildConfigurationList = CB6E95271F222D5C00E01C60 /* Build configuration list for PBXNativeTarget "ManhattanUITests" */;
			buildPhases = (
				CB6E95141F222D5C00E01C60 /* Sources */,
				CB6E95151F222D5C00E01C60 /* Frameworks */,
				CB6E95161F222D5C00E01C60 /* Resources */,
			);
			buildRules = (
			);
			dependencies = (
				CB6E951A1F222D5C00E01C60 /* PBXTargetDependency */,
			);
			name = ManhattanUITests;
			productName = ManhattanUITests;
			productReference = CB6E95181F222D5C00E01C60 /* ManhattanUITests.xctest */;
			productType = "com.apple.product-type.bundle.ui-testing";
		};
/* End PBXNativeTarget section */

/* Begin PBXProject section */
		CB6E94F11F222D5C00E01C60 /* Project object */ = {
			isa = PBXProject;
			attributes = {
				LastSwiftUpdateCheck = 0830;
				LastUpgradeCheck = 0830;
				ORGANIZATIONNAME = gOd;
				TargetAttributes = {
					CB6E94F81F222D5C00E01C60 = {
						CreatedOnToolsVersion = 8.3.3;
						DevelopmentTeam = L9W2CKHZ3Q;
						ProvisioningStyle = Automatic;
						SystemCapabilities = {
							com.apple.Keychain = {
								enabled = 0;
							};
						};
					};
					CB6E950C1F222D5C00E01C60 = {
						CreatedOnToolsVersion = 8.3.3;
						ProvisioningStyle = Automatic;
						TestTargetID = CB6E94F81F222D5C00E01C60;
					};
					CB6E95171F222D5C00E01C60 = {
						CreatedOnToolsVersion = 8.3.3;
						ProvisioningStyle = Automatic;
						TestTargetID = CB6E94F81F222D5C00E01C60;
					};
				};
			};
			buildConfigurationList = CB6E94F41F222D5C00E01C60 /* Build configuration list for PBXProject "Manhattan" */;
			compatibilityVersion = "Xcode 3.2";
			developmentRegion = English;
			hasScannedForEncodings = 0;
			knownRegions = (
				en,
				Base,
			);
			mainGroup = CB6E94F01F222D5C00E01C60;
			productRefGroup = CB6E94FA1F222D5C00E01C60 /* Products */;
			projectDirPath = "";
			projectRoot = "";
			targets = (
				CB6E94F81F222D5C00E01C60 /* Manhattan */,
				CB6E950C1F222D5C00E01C60 /* ManhattanTests */,
				CB6E95171F222D5C00E01C60 /* ManhattanUITests */,
			);
		};
/* End PBXProject section */

/* Begin PBXResourcesBuildPhase section */
		CB6E94F71F222D5C00E01C60 /* Resources */ = {
			isa = PBXResourcesBuildPhase;
			buildActionMask = 2147483647;
			files = (
				CB6E95071F222D5C00E01C60 /* LaunchScreen.storyboard in Resources */,
				CB6546971F2D441500C2393D /* BlogCell.xib in Resources */,
				CB7AEC3C1F3EEF5C00D40DC3 /* GoogleService-Info.plist in Resources */,
				CB2986BD1F3F920800EC7D5D /* newMessage.wav in Resources */,
				CB3511E81F2935B60043DB88 /* Assets.xcassets in Resources */,
				CB2342261F3266040004786F /* CourseCell.xib in Resources */,
				CB65469B1F2D451100C2393D /* VideoCell.xib in Resources */,
				CBA611EF1F35974D00DD11E9 /* SearchCell.xib in Resources */,
				CB6E95021F222D5C00E01C60 /* Main.storyboard in Resources */,
				CB6546991F2D44F100C2393D /* PhotoCell.xib in Resources */,
			);
			runOnlyForDeploymentPostprocessing = 0;
		};
		CB6E950B1F222D5C00E01C60 /* Resources */ = {
			isa = PBXResourcesBuildPhase;
			buildActionMask = 2147483647;
			files = (
			);
			runOnlyForDeploymentPostprocessing = 0;
		};
		CB6E95161F222D5C00E01C60 /* Resources */ = {
			isa = PBXResourcesBuildPhase;
			buildActionMask = 2147483647;
			files = (
			);
			runOnlyForDeploymentPostprocessing = 0;
		};
/* End PBXResourcesBuildPhase section */

/* Begin PBXShellScriptBuildPhase section */
		0AA0F4A40235B261E97E366F /* [CP] Copy Pods Resources */ = {
			isa = PBXShellScriptBuildPhase;
			buildActionMask = 2147483647;
			files = (
			);
			inputPaths = (
			);
			name = "[CP] Copy Pods Resources";
			outputPaths = (
			);
			runOnlyForDeploymentPostprocessing = 0;
			shellPath = /bin/sh;
			shellScript = "\"${SRCROOT}/Pods/Target Support Files/Pods-Manhattan/Pods-Manhattan-resources.sh\"\n";
			showEnvVarsInLog = 0;
		};
		6280CB7FCF55F1AC34DAEC69 /* [CP] Embed Pods Frameworks */ = {
			isa = PBXShellScriptBuildPhase;
			buildActionMask = 2147483647;
			files = (
			);
			inputPaths = (
			);
			name = "[CP] Embed Pods Frameworks";
			outputPaths = (
			);
			runOnlyForDeploymentPostprocessing = 0;
			shellPath = /bin/sh;
			shellScript = "\"${SRCROOT}/Pods/Target Support Files/Pods-Manhattan/Pods-Manhattan-frameworks.sh\"\n";
			showEnvVarsInLog = 0;
		};
		6DA5B6DFFE25CA6733D84DE0 /* [CP] Check Pods Manifest.lock */ = {
			isa = PBXShellScriptBuildPhase;
			buildActionMask = 2147483647;
			files = (
			);
			inputPaths = (
			);
			name = "[CP] Check Pods Manifest.lock";
			outputPaths = (
			);
			runOnlyForDeploymentPostprocessing = 0;
			shellPath = /bin/sh;
			shellScript = "diff \"${PODS_PODFILE_DIR_PATH}/Podfile.lock\" \"${PODS_ROOT}/Manifest.lock\" > /dev/null\nif [ $? != 0 ] ; then\n    # print error to STDERR\n    echo \"error: The sandbox is not in sync with the Podfile.lock. Run 'pod install' or update your CocoaPods installation.\" >&2\n    exit 1\nfi\n";
			showEnvVarsInLog = 0;
		};
/* End PBXShellScriptBuildPhase section */

/* Begin PBXSourcesBuildPhase section */
		CB6E94F51F222D5C00E01C60 /* Sources */ = {
			isa = PBXSourcesBuildPhase;
			buildActionMask = 2147483647;
			files = (
				CB3511F11F29654A0043DB88 /* CourseViewController.swift in Sources */,
				CB3A5D6D1F238BEE00D61562 /* AHTagsLabel.swift in Sources */,
				CB3511EE1F2940740043DB88 /* VideoCell.swift in Sources */,
				CB33D50E1F2B7CBD00E05B87 /* PhotoPostViewController.swift in Sources */,
				CB23421C1F31FAD10004786F /* SearchViewController.swift in Sources */,
				CBDD4D291F387E8700BD1C95 /* Post.swift in Sources */,
				CB3A5D781F23D18000D61562 /* FacebookPost.swift in Sources */,
				CB6E94FF1F222D5C00E01C60 /* ViewController.swift in Sources */,
				CB3A5D721F23CA8700D61562 /* FacebookAPIManager.swift in Sources */,
				CB9CA4B71F3CE4EB00E0E335 /* Video.swift in Sources */,
				CB140A371F2BF95400532BDC /* BMPlayerCustomControlView.swift in Sources */,
				CB140A321F2BBF6200532BDC /* VideoPostViewController.swift in Sources */,
				CB33D5051F2B53BE00E05B87 /* PopupMenuViewController.swift in Sources */,
				CB6E8A701F3F27D500A8BA72 /* Message.swift in Sources */,
				CB82D5411F2F612100BBE8E7 /* CourseDetailCell.swift in Sources */,
				CB6E8A6E1F3F27D500A8BA72 /* Helper Files.swift in Sources */,
				CB2374501F2C721300ABDC4D /* BlogCell.swift in Sources */,
				CB2342241F325FFA0004786F /* MyCourseViewController.swift in Sources */,
				CBCC8B851F28D692002267DA /* TabBarViewController.swift in Sources */,
				CB6E8A761F3F27D500A8BA72 /* VCCells.swift in Sources */,
				CB71CF571F3E34F0005896EE /* Group.swift in Sources */,
				CB6E8A751F3F27D500A8BA72 /* NavVC.swift in Sources */,
				CB5824581F2683F500C174B9 /* ProfileMainViewController.swift in Sources */,
				CB33D50A1F2B6FBB00E05B87 /* FloatLabelTextView.swift in Sources */,
				CB33D50C1F2B709700E05B87 /* BlogPostViewController.swift in Sources */,
				CBA611F11F359C8A00DD11E9 /* AddGroupViewController.swift in Sources */,
				CB3A5D6E1F238BEE00D61562 /* AHTagView.swift in Sources */,
				CB3511EB1F2940490043DB88 /* FeedViewController.swift in Sources */,
				CB23744E1F2C71FC00ABDC4D /* PhotoCell.swift in Sources */,
				CB626B771F3361380042247A /* PeopleSearchViewController.swift in Sources */,
				CB82D53F1F2F601E00BBE8E7 /* CourseDetailViewController.swift in Sources */,
				CB3511F61F29716B0043DB88 /* MessageCell.swift in Sources */,
				CB313EB01F35E5CB00BF981D /* AboutViewController.swift in Sources */,
				CB603F821F260B630092014E /* Signup1stViewController.swift in Sources */,
				CB3A5D761F23CAAE00D61562 /* User.swift in Sources */,
				CB2342201F325F860004786F /* GroupViewController.swift in Sources */,
				CB2342221F325FAD0004786F /* MyFeedViewController.swift in Sources */,
				CB3511F31F2965650043DB88 /* CourseCell.swift in Sources */,
				CB626B791F3361670042247A /* GroupSearchViewController.swift in Sources */,
				CB7560F11F3652D40030D278 /* EditProfileViewController.swift in Sources */,
				CB626B7B1F3362640042247A /* SearchCell.swift in Sources */,
				CB6E8A6F1F3F27D500A8BA72 /* Conversation.swift in Sources */,
				CB6E8A721F3F27D500A8BA72 /* ChatVC.swift in Sources */,
				CB3471E81F3A803E003DD9DF /* Comment.swift in Sources */,
				CB33D5091F2B6FBB00E05B87 /* FloatLabelTextField.swift in Sources */,
				CB3511F81F2971810043DB88 /* MessageViewController.swift in Sources */,
				CB603F881F260B930092014E /* Signup4thViewController.swift in Sources */,
				CB3A96941F3C9192007597F9 /* Course.swift in Sources */,
				CB140A361F2BF95400532BDC /* BMCustomPlayer.swift in Sources */,
				CB6E94FD1F222D5C00E01C60 /* AppDelegate.swift in Sources */,
				CBB0DC0D1F314FEA00E79E64 /* MessageDetailViewController.swift in Sources */,
				CB3789101F351A6700F935D0 /* Macro.swift in Sources */,
				CB603F841F260B790092014E /* Signup2ndViewController.swift in Sources */,
				CB603F861F260B870092014E /* Signup3rdViewController.swift in Sources */,
				CB3A5D731F23CA8700D61562 /* NetworkingManager.swift in Sources */,
				CB2342191F31F0B40004786F /* ChatViewController.swift in Sources */,
				CB33D5031F2B53AE00E05B87 /* PopupViewController.swift in Sources */,
				CB6E8A731F3F27D500A8BA72 /* ConversationsVC.swift in Sources */,
				CB65468F1F2D2A9900C2393D /* CommentCell.swift in Sources */,
				CB6546911F2D2AAF00C2393D /* CommentViewController.swift in Sources */,
				CB6E8A711F3F27D500A8BA72 /* FUser.swift in Sources */,
			);
			runOnlyForDeploymentPostprocessing = 0;
		};
		CB6E95091F222D5C00E01C60 /* Sources */ = {
			isa = PBXSourcesBuildPhase;
			buildActionMask = 2147483647;
			files = (
				CB6E95121F222D5C00E01C60 /* ManhattanTests.swift in Sources */,
			);
			runOnlyForDeploymentPostprocessing = 0;
		};
		CB6E95141F222D5C00E01C60 /* Sources */ = {
			isa = PBXSourcesBuildPhase;
			buildActionMask = 2147483647;
			files = (
				CB6E951D1F222D5C00E01C60 /* ManhattanUITests.swift in Sources */,
			);
			runOnlyForDeploymentPostprocessing = 0;
		};
/* End PBXSourcesBuildPhase section */

/* Begin PBXTargetDependency section */
		CB6E950F1F222D5C00E01C60 /* PBXTargetDependency */ = {
			isa = PBXTargetDependency;
			target = CB6E94F81F222D5C00E01C60 /* Manhattan */;
			targetProxy = CB6E950E1F222D5C00E01C60 /* PBXContainerItemProxy */;
		};
		CB6E951A1F222D5C00E01C60 /* PBXTargetDependency */ = {
			isa = PBXTargetDependency;
			target = CB6E94F81F222D5C00E01C60 /* Manhattan */;
			targetProxy = CB6E95191F222D5C00E01C60 /* PBXContainerItemProxy */;
		};
/* End PBXTargetDependency section */

/* Begin PBXVariantGroup section */
		CB6E95001F222D5C00E01C60 /* Main.storyboard */ = {
			isa = PBXVariantGroup;
			children = (
				CB6E95011F222D5C00E01C60 /* Base */,
			);
			name = Main.storyboard;
			sourceTree = "<group>";
		};
		CB6E95051F222D5C00E01C60 /* LaunchScreen.storyboard */ = {
			isa = PBXVariantGroup;
			children = (
				CB6E95061F222D5C00E01C60 /* Base */,
			);
			name = LaunchScreen.storyboard;
			sourceTree = "<group>";
		};
/* End PBXVariantGroup section */

/* Begin XCBuildConfiguration section */
		CB6E951F1F222D5C00E01C60 /* Debug */ = {
			isa = XCBuildConfiguration;
			buildSettings = {
				ALWAYS_SEARCH_USER_PATHS = NO;
				CLANG_ANALYZER_NONNULL = YES;
				CLANG_ANALYZER_NUMBER_OBJECT_CONVERSION = YES_AGGRESSIVE;
				CLANG_CXX_LANGUAGE_STANDARD = "gnu++0x";
				CLANG_CXX_LIBRARY = "libc++";
				CLANG_ENABLE_MODULES = YES;
				CLANG_ENABLE_OBJC_ARC = YES;
				CLANG_WARN_BOOL_CONVERSION = YES;
				CLANG_WARN_CONSTANT_CONVERSION = YES;
				CLANG_WARN_DIRECT_OBJC_ISA_USAGE = YES_ERROR;
				CLANG_WARN_DOCUMENTATION_COMMENTS = YES;
				CLANG_WARN_EMPTY_BODY = YES;
				CLANG_WARN_ENUM_CONVERSION = YES;
				CLANG_WARN_INFINITE_RECURSION = YES;
				CLANG_WARN_INT_CONVERSION = YES;
				CLANG_WARN_OBJC_ROOT_CLASS = YES_ERROR;
				CLANG_WARN_SUSPICIOUS_MOVE = YES;
				CLANG_WARN_UNREACHABLE_CODE = YES;
				CLANG_WARN__DUPLICATE_METHOD_MATCH = YES;
				"CODE_SIGN_IDENTITY[sdk=iphoneos*]" = "iPhone Developer";
				COPY_PHASE_STRIP = NO;
				DEBUG_INFORMATION_FORMAT = dwarf;
				ENABLE_STRICT_OBJC_MSGSEND = YES;
				ENABLE_TESTABILITY = YES;
				GCC_C_LANGUAGE_STANDARD = gnu99;
				GCC_DYNAMIC_NO_PIC = NO;
				GCC_NO_COMMON_BLOCKS = YES;
				GCC_OPTIMIZATION_LEVEL = 0;
				GCC_PREPROCESSOR_DEFINITIONS = (
					"DEBUG=1",
					"$(inherited)",
				);
				GCC_WARN_64_TO_32_BIT_CONVERSION = YES;
				GCC_WARN_ABOUT_RETURN_TYPE = YES_ERROR;
				GCC_WARN_UNDECLARED_SELECTOR = YES;
				GCC_WARN_UNINITIALIZED_AUTOS = YES_AGGRESSIVE;
				GCC_WARN_UNUSED_FUNCTION = YES;
				GCC_WARN_UNUSED_VARIABLE = YES;
				IPHONEOS_DEPLOYMENT_TARGET = 10.3;
				MTL_ENABLE_DEBUG_INFO = YES;
				ONLY_ACTIVE_ARCH = YES;
				SDKROOT = iphoneos;
				SWIFT_ACTIVE_COMPILATION_CONDITIONS = DEBUG;
				SWIFT_OPTIMIZATION_LEVEL = "-Onone";
			};
			name = Debug;
		};
		CB6E95201F222D5C00E01C60 /* Release */ = {
			isa = XCBuildConfiguration;
			buildSettings = {
				ALWAYS_SEARCH_USER_PATHS = NO;
				CLANG_ANALYZER_NONNULL = YES;
				CLANG_ANALYZER_NUMBER_OBJECT_CONVERSION = YES_AGGRESSIVE;
				CLANG_CXX_LANGUAGE_STANDARD = "gnu++0x";
				CLANG_CXX_LIBRARY = "libc++";
				CLANG_ENABLE_MODULES = YES;
				CLANG_ENABLE_OBJC_ARC = YES;
				CLANG_WARN_BOOL_CONVERSION = YES;
				CLANG_WARN_CONSTANT_CONVERSION = YES;
				CLANG_WARN_DIRECT_OBJC_ISA_USAGE = YES_ERROR;
				CLANG_WARN_DOCUMENTATION_COMMENTS = YES;
				CLANG_WARN_EMPTY_BODY = YES;
				CLANG_WARN_ENUM_CONVERSION = YES;
				CLANG_WARN_INFINITE_RECURSION = YES;
				CLANG_WARN_INT_CONVERSION = YES;
				CLANG_WARN_OBJC_ROOT_CLASS = YES_ERROR;
				CLANG_WARN_SUSPICIOUS_MOVE = YES;
				CLANG_WARN_UNREACHABLE_CODE = YES;
				CLANG_WARN__DUPLICATE_METHOD_MATCH = YES;
				"CODE_SIGN_IDENTITY[sdk=iphoneos*]" = "iPhone Developer";
				COPY_PHASE_STRIP = NO;
				DEBUG_INFORMATION_FORMAT = "dwarf-with-dsym";
				ENABLE_NS_ASSERTIONS = NO;
				ENABLE_STRICT_OBJC_MSGSEND = YES;
				GCC_C_LANGUAGE_STANDARD = gnu99;
				GCC_NO_COMMON_BLOCKS = YES;
				GCC_WARN_64_TO_32_BIT_CONVERSION = YES;
				GCC_WARN_ABOUT_RETURN_TYPE = YES_ERROR;
				GCC_WARN_UNDECLARED_SELECTOR = YES;
				GCC_WARN_UNINITIALIZED_AUTOS = YES_AGGRESSIVE;
				GCC_WARN_UNUSED_FUNCTION = YES;
				GCC_WARN_UNUSED_VARIABLE = YES;
				IPHONEOS_DEPLOYMENT_TARGET = 10.3;
				MTL_ENABLE_DEBUG_INFO = NO;
				SDKROOT = iphoneos;
				SWIFT_OPTIMIZATION_LEVEL = "-Owholemodule";
				VALIDATE_PRODUCT = YES;
			};
			name = Release;
		};
		CB6E95221F222D5C00E01C60 /* Debug */ = {
			isa = XCBuildConfiguration;
			baseConfigurationReference = 3CB85D4FE59F2606C6341702 /* Pods-Manhattan.debug.xcconfig */;
			buildSettings = {
				ASSETCATALOG_COMPILER_APPICON_NAME = AppIcon;
				DEVELOPMENT_TEAM = L9W2CKHZ3Q;
				INFOPLIST_FILE = Manhattan/Info.plist;
				LD_RUNPATH_SEARCH_PATHS = "$(inherited) @executable_path/Frameworks";
				PRODUCT_BUNDLE_IDENTIFIER = xtechno.Manhattan;
				PRODUCT_NAME = "$(TARGET_NAME)";
				SWIFT_VERSION = 3.0;
			};
			name = Debug;
		};
		CB6E95231F222D5C00E01C60 /* Release */ = {
			isa = XCBuildConfiguration;
			baseConfigurationReference = C30B163244EB0EA6454AD111 /* Pods-Manhattan.release.xcconfig */;
			buildSettings = {
				ASSETCATALOG_COMPILER_APPICON_NAME = AppIcon;
				DEVELOPMENT_TEAM = L9W2CKHZ3Q;
				INFOPLIST_FILE = Manhattan/Info.plist;
				LD_RUNPATH_SEARCH_PATHS = "$(inherited) @executable_path/Frameworks";
				PRODUCT_BUNDLE_IDENTIFIER = xtechno.Manhattan;
				PRODUCT_NAME = "$(TARGET_NAME)";
				SWIFT_VERSION = 3.0;
			};
			name = Release;
		};
		CB6E95251F222D5C00E01C60 /* Debug */ = {
			isa = XCBuildConfiguration;
			buildSettings = {
				ALWAYS_EMBED_SWIFT_STANDARD_LIBRARIES = YES;
				BUNDLE_LOADER = "$(TEST_HOST)";
				INFOPLIST_FILE = ManhattanTests/Info.plist;
				LD_RUNPATH_SEARCH_PATHS = "$(inherited) @executable_path/Frameworks @loader_path/Frameworks";
				PRODUCT_BUNDLE_IDENTIFIER = xtechno.ManhattanTests;
				PRODUCT_NAME = "$(TARGET_NAME)";
				SWIFT_VERSION = 3.0;
				TEST_HOST = "$(BUILT_PRODUCTS_DIR)/Manhattan.app/Manhattan";
			};
			name = Debug;
		};
		CB6E95261F222D5C00E01C60 /* Release */ = {
			isa = XCBuildConfiguration;
			buildSettings = {
				ALWAYS_EMBED_SWIFT_STANDARD_LIBRARIES = YES;
				BUNDLE_LOADER = "$(TEST_HOST)";
				INFOPLIST_FILE = ManhattanTests/Info.plist;
				LD_RUNPATH_SEARCH_PATHS = "$(inherited) @executable_path/Frameworks @loader_path/Frameworks";
				PRODUCT_BUNDLE_IDENTIFIER = xtechno.ManhattanTests;
				PRODUCT_NAME = "$(TARGET_NAME)";
				SWIFT_VERSION = 3.0;
				TEST_HOST = "$(BUILT_PRODUCTS_DIR)/Manhattan.app/Manhattan";
			};
			name = Release;
		};
		CB6E95281F222D5C00E01C60 /* Debug */ = {
			isa = XCBuildConfiguration;
			buildSettings = {
				ALWAYS_EMBED_SWIFT_STANDARD_LIBRARIES = YES;
				INFOPLIST_FILE = ManhattanUITests/Info.plist;
				LD_RUNPATH_SEARCH_PATHS = "$(inherited) @executable_path/Frameworks @loader_path/Frameworks";
				PRODUCT_BUNDLE_IDENTIFIER = xtechno.ManhattanUITests;
				PRODUCT_NAME = "$(TARGET_NAME)";
				SWIFT_VERSION = 3.0;
				TEST_TARGET_NAME = Manhattan;
			};
			name = Debug;
		};
		CB6E95291F222D5C00E01C60 /* Release */ = {
			isa = XCBuildConfiguration;
			buildSettings = {
				ALWAYS_EMBED_SWIFT_STANDARD_LIBRARIES = YES;
				INFOPLIST_FILE = ManhattanUITests/Info.plist;
				LD_RUNPATH_SEARCH_PATHS = "$(inherited) @executable_path/Frameworks @loader_path/Frameworks";
				PRODUCT_BUNDLE_IDENTIFIER = xtechno.ManhattanUITests;
				PRODUCT_NAME = "$(TARGET_NAME)";
				SWIFT_VERSION = 3.0;
				TEST_TARGET_NAME = Manhattan;
			};
			name = Release;
		};
/* End XCBuildConfiguration section */

/* Begin XCConfigurationList section */
		CB6E94F41F222D5C00E01C60 /* Build configuration list for PBXProject "Manhattan" */ = {
			isa = XCConfigurationList;
			buildConfigurations = (
				CB6E951F1F222D5C00E01C60 /* Debug */,
				CB6E95201F222D5C00E01C60 /* Release */,
			);
			defaultConfigurationIsVisible = 0;
			defaultConfigurationName = Release;
		};
		CB6E95211F222D5C00E01C60 /* Build configuration list for PBXNativeTarget "Manhattan" */ = {
			isa = XCConfigurationList;
			buildConfigurations = (
				CB6E95221F222D5C00E01C60 /* Debug */,
				CB6E95231F222D5C00E01C60 /* Release */,
			);
			defaultConfigurationIsVisible = 0;
			defaultConfigurationName = Release;
		};
		CB6E95241F222D5C00E01C60 /* Build configuration list for PBXNativeTarget "ManhattanTests" */ = {
			isa = XCConfigurationList;
			buildConfigurations = (
				CB6E95251F222D5C00E01C60 /* Debug */,
				CB6E95261F222D5C00E01C60 /* Release */,
			);
			defaultConfigurationIsVisible = 0;
			defaultConfigurationName = Release;
		};
		CB6E95271F222D5C00E01C60 /* Build configuration list for PBXNativeTarget "ManhattanUITests" */ = {
			isa = XCConfigurationList;
			buildConfigurations = (
				CB6E95281F222D5C00E01C60 /* Debug */,
				CB6E95291F222D5C00E01C60 /* Release */,
			);
			defaultConfigurationIsVisible = 0;
			defaultConfigurationName = Release;
		};
/* End XCConfigurationList section */
	};
	rootObject = CB6E94F11F222D5C00E01C60 /* Project object */;
}
